
Microsoft Visual Studio Solution File, Format Version 12.00
# Visual Studio Version 16
VisualStudioVersion = 16.0.29709.97
MinimumVisualStudioVersion = 10.0.40219.1
Project("{FAE04EC0-301F-11D3-BF4B-00C04F79EFBC}") = "Mathoperation", "Mathoperation.csproj", "{4F87AAD7-90DA-45E0-A0B8-AE1167545BD8}"
EndProject
Project("{FAE04EC0-301F-11D3-BF4B-00C04F79EFBC}") = "Animals", "..\Animals\Animals.csproj", "{99634DF5-D075-4604-B61C-B882F854E7E8}"
EndProject
Global
	GlobalSection(SolutionConfigurationPlatforms) = preSolution
		Debug|Any CPU = Debug|Any CPU
		Release|Any CPU = Release|Any CPU
	EndGlobalSection
	GlobalSection(ProjectConfigurationPlatforms) = postSolution
		{4F87AAD7-90DA-45E0-A0B8-AE1167545BD8}.Debug|Any CPU.ActiveCfg = Debug|Any CPU
		{4F87AAD7-90DA-45E0-A0B8-AE1167545BD8}.Debug|Any CPU.Build.0 = Debug|Any CPU
		{4F87AAD7-90DA-45E0-A0B8-AE1167545BD8}.Release|Any CPU.ActiveCfg = Release|Any CPU
		{4F87AAD7-90DA-45E0-A0B8-AE1167545BD8}.Release|Any CPU.Build.0 = Release|Any CPU
		{99634DF5-D075-4604-B61C-B882F854E7E8}.Debug|Any CPU.ActiveCfg = Debug|Any CPU
		{99634DF5-D075-4604-B61C-B882F854E7E8}.Debug|Any CPU.Build.0 = Debug|Any CPU
		{99634DF5-D075-4604-B61C-B882F854E7E8}.Release|Any CPU.ActiveCfg = Release|Any CPU
		{99634DF5-D075-4604-B61C-B882F854E7E8}.Release|Any CPU.Build.0 = Release|Any CPU
	EndGlobalSection
	GlobalSection(SolutionProperties) = preSolution
		HideSolutionNode = FALSE
	EndGlobalSection
	GlobalSection(ExtensibilityGlobals) = postSolution
		SolutionGuid = {3C9E32DE-7483-4150-94BF-D999D64F6E75}
	EndGlobalSection
EndGlobal
